
Microsoft Visual Studio Solution File, Format Version 12.00
# Visual Studio Version 17
VisualStudioVersion = 17.3.32901.215
MinimumVisualStudioVersion = 10.0.40219.1
Project("{FAE04EC0-301F-11D3-BF4B-00C04F79EFBC}") = "UI.Wedding", "UI.Wedding\UI.Wedding.csproj", "{E21901F2-08E4-4D8D-A89E-C6C5A2F3827F}"
EndProject
Global
	GlobalSection(SolutionConfigurationPlatforms) = preSolution
		Debug|Any CPU = Debug|Any CPU
		Release|Any CPU = Release|Any CPU
	EndGlobalSection
	GlobalSection(ProjectConfigurationPlatforms) = postSolution
		{E21901F2-08E4-4D8D-A89E-C6C5A2F3827F}.Debug|Any CPU.ActiveCfg = Debug|Any CPU
		{E21901F2-08E4-4D8D-A89E-C6C5A2F3827F}.Debug|Any CPU.Build.0 = Debug|Any CPU
		{E21901F2-08E4-4D8D-A89E-C6C5A2F3827F}.Release|Any CPU.ActiveCfg = Release|Any CPU
		{E21901F2-08E4-4D8D-A89E-C6C5A2F3827F}.Release|Any CPU.Build.0 = Release|Any CPU
	EndGlobalSection
	GlobalSection(SolutionProperties) = preSolution
		HideSolutionNode = FALSE
	EndGlobalSection
	GlobalSection(ExtensibilityGlobals) = postSolution
		SolutionGuid = {A2B31406-0EDF-46FE-8B50-E1BEFC28CBF6}
	EndGlobalSection
EndGlobal
